
Microsoft Visual Studio Solution File, Format Version 12.00
# Visual Studio Version 17
VisualStudioVersion = 17.14.36518.9 d17.14
MinimumVisualStudioVersion = 10.0.40219.1
Project("{FAE04EC0-301F-11D3-BF4B-00C04F79EFBC}") = "Laboratory2", "Laboratory2.csproj", "{A3BC292C-03A6-46C9-8406-6CF32E57FDA9}"
EndProject
Global
	GlobalSection(SolutionConfigurationPlatforms) = preSolution
		Debug|Any CPU = Debug|Any CPU
		Release|Any CPU = Release|Any CPU
	EndGlobalSection
	GlobalSection(ProjectConfigurationPlatforms) = postSolution
		{A3BC292C-03A6-46C9-8406-6CF32E57FDA9}.Debug|Any CPU.ActiveCfg = Debug|Any CPU
		{A3BC292C-03A6-46C9-8406-6CF32E57FDA9}.Debug|Any CPU.Build.0 = Debug|Any CPU
		{A3BC292C-03A6-46C9-8406-6CF32E57FDA9}.Release|Any CPU.ActiveCfg = Release|Any CPU
		{A3BC292C-03A6-46C9-8406-6CF32E57FDA9}.Release|Any CPU.Build.0 = Release|Any CPU
	EndGlobalSection
	GlobalSection(SolutionProperties) = preSolution
		HideSolutionNode = FALSE
	EndGlobalSection
	GlobalSection(ExtensibilityGlobals) = postSolution
		SolutionGuid = {B2BC12E1-540F-4B0B-A74C-6FB91A5EE09D}
	EndGlobalSection
EndGlobal
